Microsoft Visual Studio Solution File, Format Version 10.00
# Visual Studio 2008
Project("{8BC9CEB8-8B4A-11D0-8D11-00A0C91BC942}") = "ZERO_CHECK", ".\ZERO_CHECK.vcproj", "{854531B1-F72D-401A-B63B-4E4B64A9607D}"
	ProjectSection(ProjectDependencies) = postProject
	EndProjectSection
EndProject
Project("{8BC9CEB8-8B4A-11D0-8D11-00A0C91BC942}") = "SamgarKey", ".\SamgarKey.vcproj", "{E3A8FD4D-E920-4E99-B9DC-9A51DF1ABF06}"
	ProjectSection(ProjectDependencies) = postProject
		{854531B1-F72D-401A-B63B-4E4B64A9607D} = {854531B1-F72D-401A-B63B-4E4B64A9607D}
	EndProjectSection
EndProject
Project("{8BC9CEB8-8B4A-11D0-8D11-00A0C91BC942}") = "ALL_BUILD", ".\ALL_BUILD.vcproj", "{3BAA5857-B9CD-4A3B-8E1A-3236BCD0DFA4}"
	ProjectSection(ProjectDependencies) = postProject
		{E3A8FD4D-E920-4E99-B9DC-9A51DF1ABF06} = {E3A8FD4D-E920-4E99-B9DC-9A51DF1ABF06}
		{854531B1-F72D-401A-B63B-4E4B64A9607D} = {854531B1-F72D-401A-B63B-4E4B64A9607D}
	EndProjectSection
EndProject
Global
	GlobalSection(SolutionConfigurationPlatforms) = preSolution
		Debug|Win32 = Debug|Win32
		Release|Win32 = Release|Win32
		MinSizeRel|Win32 = MinSizeRel|Win32
		RelWithDebInfo|Win32 = RelWithDebInfo|Win32
	EndGlobalSection
	GlobalSection(ProjectConfigurationPlatforms) = postSolution
		{854531B1-F72D-401A-B63B-4E4B64A9607D}.Debug|Win32.ActiveCfg = Debug|Win32
		{854531B1-F72D-401A-B63B-4E4B64A9607D}.Debug|Win32.Build.0 = Debug|Win32
		{854531B1-F72D-401A-B63B-4E4B64A9607D}.Release|Win32.ActiveCfg = Release|Win32
		{854531B1-F72D-401A-B63B-4E4B64A9607D}.Release|Win32.Build.0 = Release|Win32
		{854531B1-F72D-401A-B63B-4E4B64A9607D}.MinSizeRel|Win32.ActiveCfg = MinSizeRel|Win32
		{854531B1-F72D-401A-B63B-4E4B64A9607D}.MinSizeRel|Win32.Build.0 = MinSizeRel|Win32
		{854531B1-F72D-401A-B63B-4E4B64A9607D}.RelWithDebInfo|Win32.ActiveCfg = RelWithDebInfo|Win32
		{854531B1-F72D-401A-B63B-4E4B64A9607D}.RelWithDebInfo|Win32.Build.0 = RelWithDebInfo|Win32
		{E3A8FD4D-E920-4E99-B9DC-9A51DF1ABF06}.Debug|Win32.ActiveCfg = Debug|Win32
		{E3A8FD4D-E920-4E99-B9DC-9A51DF1ABF06}.Debug|Win32.Build.0 = Debug|Win32
		{E3A8FD4D-E920-4E99-B9DC-9A51DF1ABF06}.Release|Win32.ActiveCfg = Release|Win32
		{E3A8FD4D-E920-4E99-B9DC-9A51DF1ABF06}.Release|Win32.Build.0 = Release|Win32
		{E3A8FD4D-E920-4E99-B9DC-9A51DF1ABF06}.MinSizeRel|Win32.ActiveCfg = MinSizeRel|Win32
		{E3A8FD4D-E920-4E99-B9DC-9A51DF1ABF06}.MinSizeRel|Win32.Build.0 = MinSizeRel|Win32
		{E3A8FD4D-E920-4E99-B9DC-9A51DF1ABF06}.RelWithDebInfo|Win32.ActiveCfg = RelWithDebInfo|Win32
		{E3A8FD4D-E920-4E99-B9DC-9A51DF1ABF06}.RelWithDebInfo|Win32.Build.0 = RelWithDebInfo|Win32
		{3BAA5857-B9CD-4A3B-8E1A-3236BCD0DFA4}.Debug|Win32.ActiveCfg = Debug|Win32
		{3BAA5857-B9CD-4A3B-8E1A-3236BCD0DFA4}.Release|Win32.ActiveCfg = Release|Win32
		{3BAA5857-B9CD-4A3B-8E1A-3236BCD0DFA4}.MinSizeRel|Win32.ActiveCfg = MinSizeRel|Win32
		{3BAA5857-B9CD-4A3B-8E1A-3236BCD0DFA4}.RelWithDebInfo|Win32.ActiveCfg = RelWithDebInfo|Win32
	EndGlobalSection
	GlobalSection(ExtensibilityGlobals) = postSolution
	EndGlobalSection
	GlobalSection(ExtensibilityAddIns) = postSolution
	EndGlobalSection
EndGlobal
