Microsoft Visual Studio Solution File, Format Version 10.00
# Visual Studio 2008
Project("{8BC9CEB8-8B4A-11D0-8D11-00A0C91BC942}") = "ALL_BUILD", ".\ALL_BUILD.vcproj", "{F52D1FFE-D7C4-4165-9FBF-996845607A7D}"
	ProjectSection(ProjectDependencies) = postProject
		{6B51083D-74FF-4295-BC95-59AE48429D69} = {6B51083D-74FF-4295-BC95-59AE48429D69}
		{52C37DAB-923E-44F3-B674-1A036774FF1F} = {52C37DAB-923E-44F3-B674-1A036774FF1F}
		{27FFAD12-B096-45DC-A2B9-373C18F84018} = {27FFAD12-B096-45DC-A2B9-373C18F84018}
		{0DFB04C2-44C3-4254-BFA8-CC9400259027} = {0DFB04C2-44C3-4254-BFA8-CC9400259027}
		{0DB92033-98AF-4CC6-925D-760B32B736F2} = {0DB92033-98AF-4CC6-925D-760B32B736F2}
		{158F5337-90B5-49F8-A0DE-A9DFDD43FE74} = {158F5337-90B5-49F8-A0DE-A9DFDD43FE74}
		{30EDA154-40AB-4799-861F-162FF4E7461C} = {30EDA154-40AB-4799-861F-162FF4E7461C}
		{13861A70-6C3D-4BCC-BA1E-D10D80BC8D7B} = {13861A70-6C3D-4BCC-BA1E-D10D80BC8D7B}
		{99303C41-3BCA-4CCF-A6F9-4727DA8E03B7} = {99303C41-3BCA-4CCF-A6F9-4727DA8E03B7}
		{BA7CBDB7-EC80-467B-9BCB-6CDA52296D49} = {BA7CBDB7-EC80-467B-9BCB-6CDA52296D49}
	EndProjectSection
EndProject
Project("{8BC9CEB8-8B4A-11D0-8D11-00A0C91BC942}") = "EMYSSender", ".\EMYSSender.vcproj", "{6B51083D-74FF-4295-BC95-59AE48429D69}"
	ProjectSection(ProjectDependencies) = postProject
		{13861A70-6C3D-4BCC-BA1E-D10D80BC8D7B} = {13861A70-6C3D-4BCC-BA1E-D10D80BC8D7B}
	EndProjectSection
EndProject
Project("{8BC9CEB8-8B4A-11D0-8D11-00A0C91BC942}") = "GotNav", ".\GotNav.vcproj", "{52C37DAB-923E-44F3-B674-1A036774FF1F}"
	ProjectSection(ProjectDependencies) = postProject
		{13861A70-6C3D-4BCC-BA1E-D10D80BC8D7B} = {13861A70-6C3D-4BCC-BA1E-D10D80BC8D7B}
	EndProjectSection
EndProject
Project("{8BC9CEB8-8B4A-11D0-8D11-00A0C91BC942}") = "PhidgetMonitor", ".\PhidgetMonitor.vcproj", "{27FFAD12-B096-45DC-A2B9-373C18F84018}"
	ProjectSection(ProjectDependencies) = postProject
		{13861A70-6C3D-4BCC-BA1E-D10D80BC8D7B} = {13861A70-6C3D-4BCC-BA1E-D10D80BC8D7B}
	EndProjectSection
EndProject
Project("{8BC9CEB8-8B4A-11D0-8D11-00A0C91BC942}") = "Robot", ".\Robot.vcproj", "{0DFB04C2-44C3-4254-BFA8-CC9400259027}"
	ProjectSection(ProjectDependencies) = postProject
		{13861A70-6C3D-4BCC-BA1E-D10D80BC8D7B} = {13861A70-6C3D-4BCC-BA1E-D10D80BC8D7B}
	EndProjectSection
EndProject
Project("{8BC9CEB8-8B4A-11D0-8D11-00A0C91BC942}") = "SamExamples", ".\SamExamples.vcproj", "{0DB92033-98AF-4CC6-925D-760B32B736F2}"
	ProjectSection(ProjectDependencies) = postProject
		{13861A70-6C3D-4BCC-BA1E-D10D80BC8D7B} = {13861A70-6C3D-4BCC-BA1E-D10D80BC8D7B}
	EndProjectSection
EndProject
Project("{8BC9CEB8-8B4A-11D0-8D11-00A0C91BC942}") = "VStar", ".\VStar.vcproj", "{158F5337-90B5-49F8-A0DE-A9DFDD43FE74}"
	ProjectSection(ProjectDependencies) = postProject
		{13861A70-6C3D-4BCC-BA1E-D10D80BC8D7B} = {13861A70-6C3D-4BCC-BA1E-D10D80BC8D7B}
	EndProjectSection
EndProject
Project("{8BC9CEB8-8B4A-11D0-8D11-00A0C91BC942}") = "Vlaser", ".\Vlaser.vcproj", "{30EDA154-40AB-4799-861F-162FF4E7461C}"
	ProjectSection(ProjectDependencies) = postProject
		{13861A70-6C3D-4BCC-BA1E-D10D80BC8D7B} = {13861A70-6C3D-4BCC-BA1E-D10D80BC8D7B}
	EndProjectSection
EndProject
Project("{8BC9CEB8-8B4A-11D0-8D11-00A0C91BC942}") = "ZERO_CHECK", ".\ZERO_CHECK.vcproj", "{13861A70-6C3D-4BCC-BA1E-D10D80BC8D7B}"
	ProjectSection(ProjectDependencies) = postProject
	EndProjectSection
EndProject
Project("{8BC9CEB8-8B4A-11D0-8D11-00A0C91BC942}") = "faceDetect", ".\faceDetect.vcproj", "{99303C41-3BCA-4CCF-A6F9-4727DA8E03B7}"
	ProjectSection(ProjectDependencies) = postProject
		{13861A70-6C3D-4BCC-BA1E-D10D80BC8D7B} = {13861A70-6C3D-4BCC-BA1E-D10D80BC8D7B}
	EndProjectSection
EndProject
Project("{8BC9CEB8-8B4A-11D0-8D11-00A0C91BC942}") = "move", ".\move.vcproj", "{BA7CBDB7-EC80-467B-9BCB-6CDA52296D49}"
	ProjectSection(ProjectDependencies) = postProject
		{13861A70-6C3D-4BCC-BA1E-D10D80BC8D7B} = {13861A70-6C3D-4BCC-BA1E-D10D80BC8D7B}
	EndProjectSection
EndProject
Global
	GlobalSection(SolutionConfigurationPlatforms) = preSolution
		Debug|Win32 = Debug|Win32
		Release|Win32 = Release|Win32
		MinSizeRel|Win32 = MinSizeRel|Win32
		RelWithDebInfo|Win32 = RelWithDebInfo|Win32
	EndGlobalSection
	GlobalSection(ProjectConfigurationPlatforms) = postSolution
		{F52D1FFE-D7C4-4165-9FBF-996845607A7D}.Debug|Win32.ActiveCfg = Debug|Win32
		{F52D1FFE-D7C4-4165-9FBF-996845607A7D}.Release|Win32.ActiveCfg = Release|Win32
		{F52D1FFE-D7C4-4165-9FBF-996845607A7D}.MinSizeRel|Win32.ActiveCfg = MinSizeRel|Win32
		{F52D1FFE-D7C4-4165-9FBF-996845607A7D}.RelWithDebInfo|Win32.ActiveCfg = RelWithDebInfo|Win32
		{6B51083D-74FF-4295-BC95-59AE48429D69}.Debug|Win32.ActiveCfg = Debug|Win32
		{6B51083D-74FF-4295-BC95-59AE48429D69}.Debug|Win32.Build.0 = Debug|Win32
		{6B51083D-74FF-4295-BC95-59AE48429D69}.Release|Win32.ActiveCfg = Release|Win32
		{6B51083D-74FF-4295-BC95-59AE48429D69}.Release|Win32.Build.0 = Release|Win32
		{6B51083D-74FF-4295-BC95-59AE48429D69}.MinSizeRel|Win32.ActiveCfg = MinSizeRel|Win32
		{6B51083D-74FF-4295-BC95-59AE48429D69}.MinSizeRel|Win32.Build.0 = MinSizeRel|Win32
		{6B51083D-74FF-4295-BC95-59AE48429D69}.RelWithDebInfo|Win32.ActiveCfg = RelWithDebInfo|Win32
		{6B51083D-74FF-4295-BC95-59AE48429D69}.RelWithDebInfo|Win32.Build.0 = RelWithDebInfo|Win32
		{52C37DAB-923E-44F3-B674-1A036774FF1F}.Debug|Win32.ActiveCfg = Debug|Win32
		{52C37DAB-923E-44F3-B674-1A036774FF1F}.Debug|Win32.Build.0 = Debug|Win32
		{52C37DAB-923E-44F3-B674-1A036774FF1F}.Release|Win32.ActiveCfg = Release|Win32
		{52C37DAB-923E-44F3-B674-1A036774FF1F}.Release|Win32.Build.0 = Release|Win32
		{52C37DAB-923E-44F3-B674-1A036774FF1F}.MinSizeRel|Win32.ActiveCfg = MinSizeRel|Win32
		{52C37DAB-923E-44F3-B674-1A036774FF1F}.MinSizeRel|Win32.Build.0 = MinSizeRel|Win32
		{52C37DAB-923E-44F3-B674-1A036774FF1F}.RelWithDebInfo|Win32.ActiveCfg = RelWithDebInfo|Win32
		{52C37DAB-923E-44F3-B674-1A036774FF1F}.RelWithDebInfo|Win32.Build.0 = RelWithDebInfo|Win32
		{27FFAD12-B096-45DC-A2B9-373C18F84018}.Debug|Win32.ActiveCfg = Debug|Win32
		{27FFAD12-B096-45DC-A2B9-373C18F84018}.Debug|Win32.Build.0 = Debug|Win32
		{27FFAD12-B096-45DC-A2B9-373C18F84018}.Release|Win32.ActiveCfg = Release|Win32
		{27FFAD12-B096-45DC-A2B9-373C18F84018}.Release|Win32.Build.0 = Release|Win32
		{27FFAD12-B096-45DC-A2B9-373C18F84018}.MinSizeRel|Win32.ActiveCfg = MinSizeRel|Win32
		{27FFAD12-B096-45DC-A2B9-373C18F84018}.MinSizeRel|Win32.Build.0 = MinSizeRel|Win32
		{27FFAD12-B096-45DC-A2B9-373C18F84018}.RelWithDebInfo|Win32.ActiveCfg = RelWithDebInfo|Win32
		{27FFAD12-B096-45DC-A2B9-373C18F84018}.RelWithDebInfo|Win32.Build.0 = RelWithDebInfo|Win32
		{0DFB04C2-44C3-4254-BFA8-CC9400259027}.Debug|Win32.ActiveCfg = Debug|Win32
		{0DFB04C2-44C3-4254-BFA8-CC9400259027}.Debug|Win32.Build.0 = Debug|Win32
		{0DFB04C2-44C3-4254-BFA8-CC9400259027}.Release|Win32.ActiveCfg = Release|Win32
		{0DFB04C2-44C3-4254-BFA8-CC9400259027}.Release|Win32.Build.0 = Release|Win32
		{0DFB04C2-44C3-4254-BFA8-CC9400259027}.MinSizeRel|Win32.ActiveCfg = MinSizeRel|Win32
		{0DFB04C2-44C3-4254-BFA8-CC9400259027}.MinSizeRel|Win32.Build.0 = MinSizeRel|Win32
		{0DFB04C2-44C3-4254-BFA8-CC9400259027}.RelWithDebInfo|Win32.ActiveCfg = RelWithDebInfo|Win32
		{0DFB04C2-44C3-4254-BFA8-CC9400259027}.RelWithDebInfo|Win32.Build.0 = RelWithDebInfo|Win32
		{0DB92033-98AF-4CC6-925D-760B32B736F2}.Debug|Win32.ActiveCfg = Debug|Win32
		{0DB92033-98AF-4CC6-925D-760B32B736F2}.Debug|Win32.Build.0 = Debug|Win32
		{0DB92033-98AF-4CC6-925D-760B32B736F2}.Release|Win32.ActiveCfg = Release|Win32
		{0DB92033-98AF-4CC6-925D-760B32B736F2}.Release|Win32.Build.0 = Release|Win32
		{0DB92033-98AF-4CC6-925D-760B32B736F2}.MinSizeRel|Win32.ActiveCfg = MinSizeRel|Win32
		{0DB92033-98AF-4CC6-925D-760B32B736F2}.MinSizeRel|Win32.Build.0 = MinSizeRel|Win32
		{0DB92033-98AF-4CC6-925D-760B32B736F2}.RelWithDebInfo|Win32.ActiveCfg = RelWithDebInfo|Win32
		{0DB92033-98AF-4CC6-925D-760B32B736F2}.RelWithDebInfo|Win32.Build.0 = RelWithDebInfo|Win32
		{158F5337-90B5-49F8-A0DE-A9DFDD43FE74}.Debug|Win32.ActiveCfg = Debug|Win32
		{158F5337-90B5-49F8-A0DE-A9DFDD43FE74}.Debug|Win32.Build.0 = Debug|Win32
		{158F5337-90B5-49F8-A0DE-A9DFDD43FE74}.Release|Win32.ActiveCfg = Release|Win32
		{158F5337-90B5-49F8-A0DE-A9DFDD43FE74}.Release|Win32.Build.0 = Release|Win32
		{158F5337-90B5-49F8-A0DE-A9DFDD43FE74}.MinSizeRel|Win32.ActiveCfg = MinSizeRel|Win32
		{158F5337-90B5-49F8-A0DE-A9DFDD43FE74}.MinSizeRel|Win32.Build.0 = MinSizeRel|Win32
		{158F5337-90B5-49F8-A0DE-A9DFDD43FE74}.RelWithDebInfo|Win32.ActiveCfg = RelWithDebInfo|Win32
		{158F5337-90B5-49F8-A0DE-A9DFDD43FE74}.RelWithDebInfo|Win32.Build.0 = RelWithDebInfo|Win32
		{30EDA154-40AB-4799-861F-162FF4E7461C}.Debug|Win32.ActiveCfg = Debug|Win32
		{30EDA154-40AB-4799-861F-162FF4E7461C}.Debug|Win32.Build.0 = Debug|Win32
		{30EDA154-40AB-4799-861F-162FF4E7461C}.Release|Win32.ActiveCfg = Release|Win32
		{30EDA154-40AB-4799-861F-162FF4E7461C}.Release|Win32.Build.0 = Release|Win32
		{30EDA154-40AB-4799-861F-162FF4E7461C}.MinSizeRel|Win32.ActiveCfg = MinSizeRel|Win32
		{30EDA154-40AB-4799-861F-162FF4E7461C}.MinSizeRel|Win32.Build.0 = MinSizeRel|Win32
		{30EDA154-40AB-4799-861F-162FF4E7461C}.RelWithDebInfo|Win32.ActiveCfg = RelWithDebInfo|Win32
		{30EDA154-40AB-4799-861F-162FF4E7461C}.RelWithDebInfo|Win32.Build.0 = RelWithDebInfo|Win32
		{13861A70-6C3D-4BCC-BA1E-D10D80BC8D7B}.Debug|Win32.ActiveCfg = Debug|Win32
		{13861A70-6C3D-4BCC-BA1E-D10D80BC8D7B}.Debug|Win32.Build.0 = Debug|Win32
		{13861A70-6C3D-4BCC-BA1E-D10D80BC8D7B}.Release|Win32.ActiveCfg = Release|Win32
		{13861A70-6C3D-4BCC-BA1E-D10D80BC8D7B}.Release|Win32.Build.0 = Release|Win32
		{13861A70-6C3D-4BCC-BA1E-D10D80BC8D7B}.MinSizeRel|Win32.ActiveCfg = MinSizeRel|Win32
		{13861A70-6C3D-4BCC-BA1E-D10D80BC8D7B}.MinSizeRel|Win32.Build.0 = MinSizeRel|Win32
		{13861A70-6C3D-4BCC-BA1E-D10D80BC8D7B}.RelWithDebInfo|Win32.ActiveCfg = RelWithDebInfo|Win32
		{13861A70-6C3D-4BCC-BA1E-D10D80BC8D7B}.RelWithDebInfo|Win32.Build.0 = RelWithDebInfo|Win32
		{99303C41-3BCA-4CCF-A6F9-4727DA8E03B7}.Debug|Win32.ActiveCfg = Debug|Win32
		{99303C41-3BCA-4CCF-A6F9-4727DA8E03B7}.Debug|Win32.Build.0 = Debug|Win32
		{99303C41-3BCA-4CCF-A6F9-4727DA8E03B7}.Release|Win32.ActiveCfg = Release|Win32
		{99303C41-3BCA-4CCF-A6F9-4727DA8E03B7}.Release|Win32.Build.0 = Release|Win32
		{99303C41-3BCA-4CCF-A6F9-4727DA8E03B7}.MinSizeRel|Win32.ActiveCfg = MinSizeRel|Win32
		{99303C41-3BCA-4CCF-A6F9-4727DA8E03B7}.MinSizeRel|Win32.Build.0 = MinSizeRel|Win32
		{99303C41-3BCA-4CCF-A6F9-4727DA8E03B7}.RelWithDebInfo|Win32.ActiveCfg = RelWithDebInfo|Win32
		{99303C41-3BCA-4CCF-A6F9-4727DA8E03B7}.RelWithDebInfo|Win32.Build.0 = RelWithDebInfo|Win32
		{BA7CBDB7-EC80-467B-9BCB-6CDA52296D49}.Debug|Win32.ActiveCfg = Debug|Win32
		{BA7CBDB7-EC80-467B-9BCB-6CDA52296D49}.Debug|Win32.Build.0 = Debug|Win32
		{BA7CBDB7-EC80-467B-9BCB-6CDA52296D49}.Release|Win32.ActiveCfg = Release|Win32
		{BA7CBDB7-EC80-467B-9BCB-6CDA52296D49}.Release|Win32.Build.0 = Release|Win32
		{BA7CBDB7-EC80-467B-9BCB-6CDA52296D49}.MinSizeRel|Win32.ActiveCfg = MinSizeRel|Win32
		{BA7CBDB7-EC80-467B-9BCB-6CDA52296D49}.MinSizeRel|Win32.Build.0 = MinSizeRel|Win32
		{BA7CBDB7-EC80-467B-9BCB-6CDA52296D49}.RelWithDebInfo|Win32.ActiveCfg = RelWithDebInfo|Win32
		{BA7CBDB7-EC80-467B-9BCB-6CDA52296D49}.RelWithDebInfo|Win32.Build.0 = RelWithDebInfo|Win32
	EndGlobalSection
	GlobalSection(ExtensibilityGlobals) = postSolution
	EndGlobalSection
	GlobalSection(ExtensibilityAddIns) = postSolution
	EndGlobalSection
EndGlobal
